
Microsoft Visual Studio Solution File, Format Version 12.00
# Visual Studio Version 17
VisualStudioVersion = 17.13.36105.23 d17.13
MinimumVisualStudioVersion = 10.0.40219.1
Project("{FAE04EC0-301F-11D3-BF4B-00C04F79EFBC}") = "aula1405", "aula1405.csproj", "{E2ADBCCD-1611-441E-A091-0A847DEB8293}"
EndProject
Global
	GlobalSection(SolutionConfigurationPlatforms) = preSolution
		Debug|Any CPU = Debug|Any CPU
		Release|Any CPU = Release|Any CPU
	EndGlobalSection
	GlobalSection(ProjectConfigurationPlatforms) = postSolution
		{E2ADBCCD-1611-441E-A091-0A847DEB8293}.Debug|Any CPU.ActiveCfg = Debug|Any CPU
		{E2ADBCCD-1611-441E-A091-0A847DEB8293}.Debug|Any CPU.Build.0 = Debug|Any CPU
		{E2ADBCCD-1611-441E-A091-0A847DEB8293}.Release|Any CPU.ActiveCfg = Release|Any CPU
		{E2ADBCCD-1611-441E-A091-0A847DEB8293}.Release|Any CPU.Build.0 = Release|Any CPU
	EndGlobalSection
	GlobalSection(SolutionProperties) = preSolution
		HideSolutionNode = FALSE
	EndGlobalSection
	GlobalSection(ExtensibilityGlobals) = postSolution
		SolutionGuid = {55527C05-914F-44B9-8C35-B5C2B7342C4E}
	EndGlobalSection
EndGlobal
